
Microsoft Visual Studio Solution File, Format Version 12.00
# Visual Studio Version 17
VisualStudioVersion = 17.0.32112.339
MinimumVisualStudioVersion = 10.0.40219.1
Project("{FAE04EC0-301F-11D3-BF4B-00C04F79EFBC}") = "SortPersonsByNameAndAge", "SortPersonsByNameAndAge\SortPersonsByNameAndAge.csproj", "{D38379C9-18D8-43A9-913A-C1EBEDA6E7FA}"
EndProject
Project("{FAE04EC0-301F-11D3-BF4B-00C04F79EFBC}") = "SalaryIncrease", "SalaryIncrease\SalaryIncrease.csproj", "{2EC3333F-C032-4865-8A66-BCFB0A1D7888}"
EndProject
Project("{FAE04EC0-301F-11D3-BF4B-00C04F79EFBC}") = "ValidationOfData", "ValidationOfData\ValidationOfData.csproj", "{1B1123AD-A6BC-4F5F-8EDE-F95455E17051}"
EndProject
Global
	GlobalSection(SolutionConfigurationPlatforms) = preSolution
		Debug|Any CPU = Debug|Any CPU
		Release|Any CPU = Release|Any CPU
	EndGlobalSection
	GlobalSection(ProjectConfigurationPlatforms) = postSolution
		{D38379C9-18D8-43A9-913A-C1EBEDA6E7FA}.Debug|Any CPU.ActiveCfg = Debug|Any CPU
		{D38379C9-18D8-43A9-913A-C1EBEDA6E7FA}.Debug|Any CPU.Build.0 = Debug|Any CPU
		{D38379C9-18D8-43A9-913A-C1EBEDA6E7FA}.Release|Any CPU.ActiveCfg = Release|Any CPU
		{D38379C9-18D8-43A9-913A-C1EBEDA6E7FA}.Release|Any CPU.Build.0 = Release|Any CPU
		{2EC3333F-C032-4865-8A66-BCFB0A1D7888}.Debug|Any CPU.ActiveCfg = Debug|Any CPU
		{2EC3333F-C032-4865-8A66-BCFB0A1D7888}.Debug|Any CPU.Build.0 = Debug|Any CPU
		{2EC3333F-C032-4865-8A66-BCFB0A1D7888}.Release|Any CPU.ActiveCfg = Release|Any CPU
		{2EC3333F-C032-4865-8A66-BCFB0A1D7888}.Release|Any CPU.Build.0 = Release|Any CPU
		{1B1123AD-A6BC-4F5F-8EDE-F95455E17051}.Debug|Any CPU.ActiveCfg = Debug|Any CPU
		{1B1123AD-A6BC-4F5F-8EDE-F95455E17051}.Debug|Any CPU.Build.0 = Debug|Any CPU
		{1B1123AD-A6BC-4F5F-8EDE-F95455E17051}.Release|Any CPU.ActiveCfg = Release|Any CPU
		{1B1123AD-A6BC-4F5F-8EDE-F95455E17051}.Release|Any CPU.Build.0 = Release|Any CPU
	EndGlobalSection
	GlobalSection(SolutionProperties) = preSolution
		HideSolutionNode = FALSE
	EndGlobalSection
	GlobalSection(ExtensibilityGlobals) = postSolution
		SolutionGuid = {0CDB1CB0-17CE-4C98-972F-96F3B5B54071}
	EndGlobalSection
EndGlobal
