
Microsoft Visual Studio Solution File, Format Version 12.00
# Visual Studio Version 17
VisualStudioVersion = 17.0.32112.339
MinimumVisualStudioVersion = 10.0.40219.1
Project("{9A19103F-16F7-4668-BE54-9A1E7A4F7556}") = "ClassBoxData", "ClassBoxData\ClassBoxData.csproj", "{A63F97CA-97CC-401A-8C84-4A39D5FB38D0}"
EndProject
Project("{FAE04EC0-301F-11D3-BF4B-00C04F79EFBC}") = "ShoppingSpree", "ShoppingSpree\ShoppingSpree.csproj", "{DE27F715-89D3-4493-9629-C118902EF287}"
EndProject
Global
	GlobalSection(SolutionConfigurationPlatforms) = preSolution
		Debug|Any CPU = Debug|Any CPU
		Release|Any CPU = Release|Any CPU
	EndGlobalSection
	GlobalSection(ProjectConfigurationPlatforms) = postSolution
		{A63F97CA-97CC-401A-8C84-4A39D5FB38D0}.Debug|Any CPU.ActiveCfg = Debug|Any CPU
		{A63F97CA-97CC-401A-8C84-4A39D5FB38D0}.Debug|Any CPU.Build.0 = Debug|Any CPU
		{A63F97CA-97CC-401A-8C84-4A39D5FB38D0}.Release|Any CPU.ActiveCfg = Release|Any CPU
		{A63F97CA-97CC-401A-8C84-4A39D5FB38D0}.Release|Any CPU.Build.0 = Release|Any CPU
		{DE27F715-89D3-4493-9629-C118902EF287}.Debug|Any CPU.ActiveCfg = Debug|Any CPU
		{DE27F715-89D3-4493-9629-C118902EF287}.Debug|Any CPU.Build.0 = Debug|Any CPU
		{DE27F715-89D3-4493-9629-C118902EF287}.Release|Any CPU.ActiveCfg = Release|Any CPU
		{DE27F715-89D3-4493-9629-C118902EF287}.Release|Any CPU.Build.0 = Release|Any CPU
	EndGlobalSection
	GlobalSection(SolutionProperties) = preSolution
		HideSolutionNode = FALSE
	EndGlobalSection
	GlobalSection(ExtensibilityGlobals) = postSolution
		SolutionGuid = {065D14E3-8433-4DE4-9243-9395C324F59A}
	EndGlobalSection
EndGlobal
