
Microsoft Visual Studio Solution File, Format Version 12.00
# Visual Studio Version 17
VisualStudioVersion = 17.0.32112.339
MinimumVisualStudioVersion = 10.0.40219.1
Project("{9A19103F-16F7-4668-BE54-9A1E7A4F7556}") = "MathOperation", "MathOperation\MathOperation.csproj", "{D2F64EEC-0AB4-47AF-A3B3-7D7EA3A33123}"
EndProject
Project("{FAE04EC0-301F-11D3-BF4B-00C04F79EFBC}") = "Animals", "Animals\Animals.csproj", "{EBCD3E55-87CB-4FFD-982D-122EB33FC5ED}"
EndProject
Project("{FAE04EC0-301F-11D3-BF4B-00C04F79EFBC}") = "Shapes", "Shapes\Shapes.csproj", "{E429B4A8-37AC-4BDA-8067-7C293FC91B33}"
EndProject
Global
	GlobalSection(SolutionConfigurationPlatforms) = preSolution
		Debug|Any CPU = Debug|Any CPU
		Release|Any CPU = Release|Any CPU
	EndGlobalSection
	GlobalSection(ProjectConfigurationPlatforms) = postSolution
		{D2F64EEC-0AB4-47AF-A3B3-7D7EA3A33123}.Debug|Any CPU.ActiveCfg = Debug|Any CPU
		{D2F64EEC-0AB4-47AF-A3B3-7D7EA3A33123}.Debug|Any CPU.Build.0 = Debug|Any CPU
		{D2F64EEC-0AB4-47AF-A3B3-7D7EA3A33123}.Release|Any CPU.ActiveCfg = Release|Any CPU
		{D2F64EEC-0AB4-47AF-A3B3-7D7EA3A33123}.Release|Any CPU.Build.0 = Release|Any CPU
		{EBCD3E55-87CB-4FFD-982D-122EB33FC5ED}.Debug|Any CPU.ActiveCfg = Debug|Any CPU
		{EBCD3E55-87CB-4FFD-982D-122EB33FC5ED}.Debug|Any CPU.Build.0 = Debug|Any CPU
		{EBCD3E55-87CB-4FFD-982D-122EB33FC5ED}.Release|Any CPU.ActiveCfg = Release|Any CPU
		{EBCD3E55-87CB-4FFD-982D-122EB33FC5ED}.Release|Any CPU.Build.0 = Release|Any CPU
		{E429B4A8-37AC-4BDA-8067-7C293FC91B33}.Debug|Any CPU.ActiveCfg = Debug|Any CPU
		{E429B4A8-37AC-4BDA-8067-7C293FC91B33}.Debug|Any CPU.Build.0 = Debug|Any CPU
		{E429B4A8-37AC-4BDA-8067-7C293FC91B33}.Release|Any CPU.ActiveCfg = Release|Any CPU
		{E429B4A8-37AC-4BDA-8067-7C293FC91B33}.Release|Any CPU.Build.0 = Release|Any CPU
	EndGlobalSection
	GlobalSection(SolutionProperties) = preSolution
		HideSolutionNode = FALSE
	EndGlobalSection
	GlobalSection(ExtensibilityGlobals) = postSolution
		SolutionGuid = {97142C60-F2EA-4083-8645-5826FBB7C601}
	EndGlobalSection
EndGlobal
